
Microsoft Visual Studio Solution File, Format Version 12.00
# Visual Studio 14
VisualStudioVersion = 14.0.23107.0
MinimumVisualStudioVersion = 10.0.40219.1
Project("{FAE04EC0-301F-11D3-BF4B-00C04F79EFBC}") = "DsbForsinket.Net.FakeNotificationHub", "DsbForsinket.Net.FakeNotificationHub\DsbForsinket.Net.FakeNotificationHub.csproj", "{635464A7-24DF-4E48-AA09-261D19D42070}"
EndProject
Project("{2150E333-8FDC-42A3-9474-1A3956D46DE8}") = "PublishScripts", "PublishScripts", "{903B8C93-A74F-4B77-B6DC-9910A0F4F188}"
EndProject
Project("{2150E333-8FDC-42A3-9474-1A3956D46DE8}") = "Scripts", "Scripts", "{8513540A-3C72-4674-BC90-75699A58F50F}"
	ProjectSection(SolutionItems) = preProject
		PublishScripts\Scripts\Deploy-AzureResourceGroup.ps1 = PublishScripts\Scripts\Deploy-AzureResourceGroup.ps1
	EndProjectSection
EndProject
Project("{2150E333-8FDC-42A3-9474-1A3956D46DE8}") = "Templates", "Templates", "{44FF2426-DE47-4CCB-A29E-ECEB6A6FC64D}"
	ProjectSection(SolutionItems) = preProject
		PublishScripts\Templates\DsbForsinketNetFakeNotificationHub.json = PublishScripts\Templates\DsbForsinketNetFakeNotificationHub.json
		PublishScripts\Templates\DsbForsinketNetFakeNotificationHub.param.dev.json = PublishScripts\Templates\DsbForsinketNetFakeNotificationHub.param.dev.json
	EndProjectSection
EndProject
Global
	GlobalSection(SolutionConfigurationPlatforms) = preSolution
		Debug|Any CPU = Debug|Any CPU
		Release|Any CPU = Release|Any CPU
	EndGlobalSection
	GlobalSection(ProjectConfigurationPlatforms) = postSolution
		{635464A7-24DF-4E48-AA09-261D19D42070}.Debug|Any CPU.ActiveCfg = Debug|Any CPU
		{635464A7-24DF-4E48-AA09-261D19D42070}.Debug|Any CPU.Build.0 = Debug|Any CPU
		{635464A7-24DF-4E48-AA09-261D19D42070}.Release|Any CPU.ActiveCfg = Release|Any CPU
		{635464A7-24DF-4E48-AA09-261D19D42070}.Release|Any CPU.Build.0 = Release|Any CPU
	EndGlobalSection
	GlobalSection(SolutionProperties) = preSolution
		HideSolutionNode = FALSE
	EndGlobalSection
	GlobalSection(NestedProjects) = preSolution
		{8513540A-3C72-4674-BC90-75699A58F50F} = {903B8C93-A74F-4B77-B6DC-9910A0F4F188}
		{44FF2426-DE47-4CCB-A29E-ECEB6A6FC64D} = {903B8C93-A74F-4B77-B6DC-9910A0F4F188}
	EndGlobalSection
EndGlobal
